
Microsoft Visual Studio Solution File, Format Version 12.00
# Visual Studio Version 17
VisualStudioVersion = 17.3.32825.248
MinimumVisualStudioVersion = 10.0.40219.1
Project("{FAE04EC0-301F-11D3-BF4B-00C04F79EFBC}") = "P01SlowoThis", "P01SlowoThis\P01SlowoThis.csproj", "{C0E4CB4E-F8AF-4CA7-976D-99BFDE59F7F8}"
EndProject
Project("{FAE04EC0-301F-11D3-BF4B-00C04F79EFBC}") = "P02AplikacjaZawodnicy", "P02AplikacjaZawodnicy\P02AplikacjaZawodnicy.csproj", "{4AA3CA24-4D16-4E41-AC2E-BCB38B455CD3}"
EndProject
Project("{FAE04EC0-301F-11D3-BF4B-00C04F79EFBC}") = "P03SQLInjection", "P03SQLInjection\P03SQLInjection.csproj", "{4ADD9BDB-B56A-4A77-8B37-3778495FBBEA}"
EndProject
Global
	GlobalSection(SolutionConfigurationPlatforms) = preSolution
		Debug|Any CPU = Debug|Any CPU
		Release|Any CPU = Release|Any CPU
	EndGlobalSection
	GlobalSection(ProjectConfigurationPlatforms) = postSolution
		{C0E4CB4E-F8AF-4CA7-976D-99BFDE59F7F8}.Debug|Any CPU.ActiveCfg = Debug|Any CPU
		{C0E4CB4E-F8AF-4CA7-976D-99BFDE59F7F8}.Debug|Any CPU.Build.0 = Debug|Any CPU
		{C0E4CB4E-F8AF-4CA7-976D-99BFDE59F7F8}.Release|Any CPU.ActiveCfg = Release|Any CPU
		{C0E4CB4E-F8AF-4CA7-976D-99BFDE59F7F8}.Release|Any CPU.Build.0 = Release|Any CPU
		{4AA3CA24-4D16-4E41-AC2E-BCB38B455CD3}.Debug|Any CPU.ActiveCfg = Debug|Any CPU
		{4AA3CA24-4D16-4E41-AC2E-BCB38B455CD3}.Debug|Any CPU.Build.0 = Debug|Any CPU
		{4AA3CA24-4D16-4E41-AC2E-BCB38B455CD3}.Release|Any CPU.ActiveCfg = Release|Any CPU
		{4AA3CA24-4D16-4E41-AC2E-BCB38B455CD3}.Release|Any CPU.Build.0 = Release|Any CPU
		{4ADD9BDB-B56A-4A77-8B37-3778495FBBEA}.Debug|Any CPU.ActiveCfg = Debug|Any CPU
		{4ADD9BDB-B56A-4A77-8B37-3778495FBBEA}.Debug|Any CPU.Build.0 = Debug|Any CPU
		{4ADD9BDB-B56A-4A77-8B37-3778495FBBEA}.Release|Any CPU.ActiveCfg = Release|Any CPU
		{4ADD9BDB-B56A-4A77-8B37-3778495FBBEA}.Release|Any CPU.Build.0 = Release|Any CPU
	EndGlobalSection
	GlobalSection(SolutionProperties) = preSolution
		HideSolutionNode = FALSE
	EndGlobalSection
	GlobalSection(ExtensibilityGlobals) = postSolution
		SolutionGuid = {80F600E4-79A5-42D5-8034-410FF1E366F6}
	EndGlobalSection
EndGlobal
